{
  "nodes": {
    "darwin": {
      "inputs": {
        "nixpkgs": [
          "nixpkgs"
        ]
      },
      "locked": {
        "lastModified": 1663677921,
        "narHash": "sha256-NfQnUfRrjv8DXeugdbQC5El+MMhShP42ohc8iM+UAdM=",
        "owner": "lnl7",
        "repo": "nix-darwin",
        "rev": "088c98a584a38b5f844bb9e9cd32eb28479ca6d7",
        "type": "github"
      },
      "original": {
        "owner": "lnl7",
        "repo": "nix-darwin",
        "type": "github"
      }
    },
    "emacs": {
      "inputs": {
        "flake-utils": "flake-utils",
        "nixpkgs": "nixpkgs"
      },
      "locked": {
        "lastModified": 1664101348,
        "narHash": "sha256-C7Q3IIMKf50aLy5Sr2YNJFsi1XZLVoRoetzOjMk6oO8=",
        "owner": "nix-community",
        "repo": "emacs-overlay",
        "rev": "c847b622f1f93833cffde28fb7787b85ada85510",
        "type": "github"
      },
      "original": {
        "owner": "nix-community",
        "repo": "emacs-overlay",
        "type": "github"
      }
    },
    "flake-utils": {
      "locked": {
        "lastModified": 1659877975,
        "narHash": "sha256-zllb8aq3YO3h8B/U0/J1WBgAL8EX5yWf5pMj3G0NAmc=",
        "owner": "numtide",
        "repo": "flake-utils",
        "rev": "c0e246b9b83f637f4681389ecabcb2681b4f3af0",
        "type": "github"
      },
      "original": {
        "owner": "numtide",
        "repo": "flake-utils",
        "type": "github"
      }
    },
    "nixpkgs": {
      "locked": {
        "lastModified": 1664088401,
        "narHash": "sha256-JCl3kbaD1mdPNAGu0nvTMpC+dcb9AT2kmvRH/yKZI9w=",
        "owner": "NixOS",
        "repo": "nixpkgs",
        "rev": "4c4cf9979e19fabf7ceccbf7c8eda553d836cdf6",
        "type": "github"
      },
      "original": {
        "id": "nixpkgs",
        "type": "indirect"
      }
    },
    "nixpkgs_2": {
      "locked": {
        "lastModified": 1663969166,
        "narHash": "sha256-RrLpgtl8ld5zJSPta4sZefDD2tvQu904O3Rn0awoMXE=",
        "owner": "nixos",
        "repo": "nixpkgs",
        "rev": "8e819696fea32a10916a6bcf70d4798b7bcf56c1",
        "type": "github"
      },
      "original": {
        "owner": "nixos",
        "repo": "nixpkgs",
        "rev": "8e819696fea32a10916a6bcf70d4798b7bcf56c1",
        "type": "github"
      }
    },
    "root": {
      "inputs": {
        "darwin": "darwin",
        "emacs": "emacs",
        "nixpkgs": "nixpkgs_2"
      }
    }
  },
  "root": "root",
  "version": 7
}
